
Microsoft Visual Studio Solution File, Format Version 12.00
# Visual Studio Version 16
VisualStudioVersion = 16.0.29806.167
MinimumVisualStudioVersion = 10.0.40219.1
Project("{9A19103F-16F7-4668-BE54-9A1E7A4F7556}") = "HPlusSport.API", "HPlusSport.API\HPlusSport.API.csproj", "{56ACA951-D39E-426B-96F1-D63B471EEA90}"
EndProject
Project("{9A19103F-16F7-4668-BE54-9A1E7A4F7556}") = "HPlusSport.Web", "HPlusSport.Web\HPlusSport.Web.csproj", "{2EBBF956-7D26-454A-8980-36B8E7990722}"
EndProject
Project("{9A19103F-16F7-4668-BE54-9A1E7A4F7556}") = "HPlusSport.IdentityServer", "HPlusSport.IdentityServer\HPlusSport.IdentityServer.csproj", "{9684AE2A-EEF1-4B72-8B16-7E8A8120CF3E}"
EndProject
Project("{FAE04EC0-301F-11D3-BF4B-00C04F79EFBC}") = "HPlusSport.ConsoleApp", "HPlusSport.ConsoleApp\HPlusSport.ConsoleApp.csproj", "{736AB9EC-9B3A-400A-AB67-19AC37F46AA5}"
EndProject
Global
	GlobalSection(SolutionConfigurationPlatforms) = preSolution
		Debug|Any CPU = Debug|Any CPU
		Release|Any CPU = Release|Any CPU
	EndGlobalSection
	GlobalSection(ProjectConfigurationPlatforms) = postSolution
		{56ACA951-D39E-426B-96F1-D63B471EEA90}.Debug|Any CPU.ActiveCfg = Debug|Any CPU
		{56ACA951-D39E-426B-96F1-D63B471EEA90}.Debug|Any CPU.Build.0 = Debug|Any CPU
		{56ACA951-D39E-426B-96F1-D63B471EEA90}.Release|Any CPU.ActiveCfg = Release|Any CPU
		{56ACA951-D39E-426B-96F1-D63B471EEA90}.Release|Any CPU.Build.0 = Release|Any CPU
		{2EBBF956-7D26-454A-8980-36B8E7990722}.Debug|Any CPU.ActiveCfg = Debug|Any CPU
		{2EBBF956-7D26-454A-8980-36B8E7990722}.Debug|Any CPU.Build.0 = Debug|Any CPU
		{2EBBF956-7D26-454A-8980-36B8E7990722}.Release|Any CPU.ActiveCfg = Release|Any CPU
		{2EBBF956-7D26-454A-8980-36B8E7990722}.Release|Any CPU.Build.0 = Release|Any CPU
		{9684AE2A-EEF1-4B72-8B16-7E8A8120CF3E}.Debug|Any CPU.ActiveCfg = Debug|Any CPU
		{9684AE2A-EEF1-4B72-8B16-7E8A8120CF3E}.Debug|Any CPU.Build.0 = Debug|Any CPU
		{9684AE2A-EEF1-4B72-8B16-7E8A8120CF3E}.Release|Any CPU.ActiveCfg = Release|Any CPU
		{9684AE2A-EEF1-4B72-8B16-7E8A8120CF3E}.Release|Any CPU.Build.0 = Release|Any CPU
		{736AB9EC-9B3A-400A-AB67-19AC37F46AA5}.Debug|Any CPU.ActiveCfg = Debug|Any CPU
		{736AB9EC-9B3A-400A-AB67-19AC37F46AA5}.Debug|Any CPU.Build.0 = Debug|Any CPU
		{736AB9EC-9B3A-400A-AB67-19AC37F46AA5}.Release|Any CPU.ActiveCfg = Release|Any CPU
		{736AB9EC-9B3A-400A-AB67-19AC37F46AA5}.Release|Any CPU.Build.0 = Release|Any CPU
	EndGlobalSection
	GlobalSection(SolutionProperties) = preSolution
		HideSolutionNode = FALSE
	EndGlobalSection
	GlobalSection(ExtensibilityGlobals) = postSolution
		SolutionGuid = {33324D35-BBE1-4C37-81B9-C2822F2640AC}
	EndGlobalSection
EndGlobal
